
Microsoft Visual Studio Solution File, Format Version 12.00
# Visual Studio Version 17
VisualStudioVersion = 17.5.33627.172
MinimumVisualStudioVersion = 10.0.40219.1
Project("{8BC9CEB8-8B4A-11D0-8D11-00A0C91BC942}") = "NefConUtil", "NefConUtil.vcxproj", "{95155A88-FEDA-443A-B85D-2DB6A8CD4CBE}"
EndProject
Project("{2150E333-8FDC-42A3-9474-1A3956D46DE8}") = "Solution Items", "Solution Items", "{AF65D6C7-8D5E-4C23-A950-C8DFBB293E9D}"
	ProjectSection(SolutionItems) = preProject
		.editorconfig = .editorconfig
		.gitignore = .gitignore
		LICENSE = LICENSE
		README.md = README.md
	EndProjectSection
EndProject
Global
	GlobalSection(SolutionConfigurationPlatforms) = preSolution
		Debug (Console)|ARM64 = Debug (Console)|ARM64
		Debug (Console)|x64 = Debug (Console)|x64
		Debug (Console)|x86 = Debug (Console)|x86
		Debug (WinMain)|ARM64 = Debug (WinMain)|ARM64
		Debug (WinMain)|x64 = Debug (WinMain)|x64
		Debug (WinMain)|x86 = Debug (WinMain)|x86
		Release (Console)|ARM64 = Release (Console)|ARM64
		Release (Console)|x64 = Release (Console)|x64
		Release (Console)|x86 = Release (Console)|x86
		Release (WinMain)|ARM64 = Release (WinMain)|ARM64
		Release (WinMain)|x64 = Release (WinMain)|x64
		Release (WinMain)|x86 = Release (WinMain)|x86
	EndGlobalSection
	GlobalSection(ProjectConfigurationPlatforms) = postSolution
		{95155A88-FEDA-443A-B85D-2DB6A8CD4CBE}.Debug (Console)|ARM64.ActiveCfg = Debug (Console)|ARM64
		{95155A88-FEDA-443A-B85D-2DB6A8CD4CBE}.Debug (Console)|ARM64.Build.0 = Debug (Console)|ARM64
		{95155A88-FEDA-443A-B85D-2DB6A8CD4CBE}.Debug (Console)|x64.ActiveCfg = Debug (Console)|x64
		{95155A88-FEDA-443A-B85D-2DB6A8CD4CBE}.Debug (Console)|x64.Build.0 = Debug (Console)|x64
		{95155A88-FEDA-443A-B85D-2DB6A8CD4CBE}.Debug (Console)|x86.ActiveCfg = Debug (Console)|Win32
		{95155A88-FEDA-443A-B85D-2DB6A8CD4CBE}.Debug (Console)|x86.Build.0 = Debug (Console)|Win32
		{95155A88-FEDA-443A-B85D-2DB6A8CD4CBE}.Debug (WinMain)|ARM64.ActiveCfg = Debug (WinMain)|ARM64
		{95155A88-FEDA-443A-B85D-2DB6A8CD4CBE}.Debug (WinMain)|ARM64.Build.0 = Debug (WinMain)|ARM64
		{95155A88-FEDA-443A-B85D-2DB6A8CD4CBE}.Debug (WinMain)|x64.ActiveCfg = Debug (WinMain)|x64
		{95155A88-FEDA-443A-B85D-2DB6A8CD4CBE}.Debug (WinMain)|x64.Build.0 = Debug (WinMain)|x64
		{95155A88-FEDA-443A-B85D-2DB6A8CD4CBE}.Debug (WinMain)|x86.ActiveCfg = Debug (WinMain)|Win32
		{95155A88-FEDA-443A-B85D-2DB6A8CD4CBE}.Debug (WinMain)|x86.Build.0 = Debug (WinMain)|Win32
		{95155A88-FEDA-443A-B85D-2DB6A8CD4CBE}.Release (Console)|ARM64.ActiveCfg = Release (Console)|ARM64
		{95155A88-FEDA-443A-B85D-2DB6A8CD4CBE}.Release (Console)|ARM64.Build.0 = Release (Console)|ARM64
		{95155A88-FEDA-443A-B85D-2DB6A8CD4CBE}.Release (Console)|x64.ActiveCfg = Release (Console)|x64
		{95155A88-FEDA-443A-B85D-2DB6A8CD4CBE}.Release (Console)|x64.Build.0 = Release (Console)|x64
		{95155A88-FEDA-443A-B85D-2DB6A8CD4CBE}.Release (Console)|x86.ActiveCfg = Release (Console)|Win32
		{95155A88-FEDA-443A-B85D-2DB6A8CD4CBE}.Release (Console)|x86.Build.0 = Release (Console)|Win32
		{95155A88-FEDA-443A-B85D-2DB6A8CD4CBE}.Release (WinMain)|ARM64.ActiveCfg = Release (WinMain)|ARM64
		{95155A88-FEDA-443A-B85D-2DB6A8CD4CBE}.Release (WinMain)|ARM64.Build.0 = Release (WinMain)|ARM64
		{95155A88-FEDA-443A-B85D-2DB6A8CD4CBE}.Release (WinMain)|x64.ActiveCfg = Release (WinMain)|x64
		{95155A88-FEDA-443A-B85D-2DB6A8CD4CBE}.Release (WinMain)|x64.Build.0 = Release (WinMain)|x64
		{95155A88-FEDA-443A-B85D-2DB6A8CD4CBE}.Release (WinMain)|x86.ActiveCfg = Release (WinMain)|Win32
		{95155A88-FEDA-443A-B85D-2DB6A8CD4CBE}.Release (WinMain)|x86.Build.0 = Release (WinMain)|Win32
	EndGlobalSection
	GlobalSection(SolutionProperties) = preSolution
		HideSolutionNode = FALSE
	EndGlobalSection
	GlobalSection(ExtensibilityGlobals) = postSolution
		SolutionGuid = {D0547397-2E66-4F40-AE7E-1689904D7418}
	EndGlobalSection
EndGlobal
